
Microsoft Visual Studio Solution File, Format Version 12.00
Project("{FAE04EC0-301F-11D3-BF4B-00C04F79EFBC}") = "Nezam.ESS", "Nezam.ESS\Nezam.ESS.csproj", "{EE6A1441-EEBB-4804-8053-E576C94A82CB}"
EndProject
Project("{FAE04EC0-301F-11D3-BF4B-00C04F79EFBC}") = "Nezam.Modular.ESS.Identity.Domain", "Nezam.Modular.ESS.Identity.Domain\Nezam.Modular.ESS.Identity.Domain.csproj", "{A88D6694-579D-4E54-8A8C-B7A3FB2F4D63}"
EndProject
Project("{FAE04EC0-301F-11D3-BF4B-00C04F79EFBC}") = "Nezam.Modular.ESS.WebApi", "Nezam.Modular.ESS.WebApi\Nezam.Modular.ESS.WebApi.csproj", "{DE8E3328-B212-4978-BA91-078F70949064}"
EndProject
Project("{2150E333-8FDC-42A3-9474-1A3956D46DE8}") = "Modules", "Modules", "{3FEE4764-F801-4A28-966B-0E625B0008E2}"
EndProject
Project("{FAE04EC0-301F-11D3-BF4B-00C04F79EFBC}") = "Nezam.Modular.ESS.Identity.Application", "Nezam.Modular.ESS.Identity.Application\Nezam.Modular.ESS.Identity.Application.csproj", "{B842BD6E-D85C-4BE3-8F54-298D81511D4B}"
EndProject
Project("{FAE04EC0-301F-11D3-BF4B-00C04F79EFBC}") = "Nezam.Modular.ESS.Infrastructure", "Nezam.Modular.ESS.Infrastructure\Nezam.Modular.ESS.Infrastructure.csproj", "{CF018745-D164-42F4-90B4-598CF33B389E}"
EndProject
Project("{2150E333-8FDC-42A3-9474-1A3956D46DE8}") = "Identity", "Identity", "{170678A2-3A34-42A1-B26C-E08780F3B1E7}"
EndProject
Project("{2150E333-8FDC-42A3-9474-1A3956D46DE8}") = "Secretariat", "Secretariat", "{9D76E5D1-A436-419A-9E93-A8A86172FD78}"
EndProject
Project("{FAE04EC0-301F-11D3-BF4B-00C04F79EFBC}") = "Nezam.Modular.ESS.Secretariat.Domain", "New\modules\Secretariat\Nezam.Modular.ESS.Secretariat.Domain\Nezam.Modular.ESS.Secretariat.Domain.csproj", "{6E54672F-562E-4CA4-80B8-A561EB0939DB}"
EndProject
Project("{FAE04EC0-301F-11D3-BF4B-00C04F79EFBC}") = "Nezam.Modular.ESS.Secretariat.Domain.Test", "New\modules\Secretariat\Nezam.Modular.ESS.Secretariat.Domain.Test\Nezam.Modular.ESS.Secretariat.Domain.Test.csproj", "{B0C49B64-3808-4DF7-9823-21A230AE558E}"
EndProject
Project("{FAE04EC0-301F-11D3-BF4B-00C04F79EFBC}") = "Nezam.Modular.ESS.Secretariat.Application", "New\modules\Secretariat\Nezam.Modular.ESS.Secretariat.Application\Nezam.Modular.ESS.Secretariat.Application.csproj", "{72CF7D7D-B0E1-411C-8256-AD05A87A380B}"
EndProject
Project("{FAE04EC0-301F-11D3-BF4B-00C04F79EFBC}") = "Nezam.Modular.ESS.Identity.Domain.Shared", "New\modules\Nezam.Modular.ESS.Identity.Domain.Shared\Nezam.Modular.ESS.Identity.Domain.Shared.csproj", "{20D97822-E6D6-45F2-8F55-5B51A24A4F57}"
EndProject
Project("{FAE04EC0-301F-11D3-BF4B-00C04F79EFBC}") = "Nezam.Modular.ESS.Secretariat.Domain.Shared", "New\modules\Secretariat\Nezam.Modular.ESS.Secretariat.Domain.Shared\Nezam.Modular.ESS.Secretariat.Domain.Shared.csproj", "{5F8B3E4C-7A26-4172-B90C-A994E2DD1652}"
EndProject
Project("{FAE04EC0-301F-11D3-BF4B-00C04F79EFBC}") = "Nezam.Modular.ESS.Identity.Domain.Tests", "Nezam.Modular.ESS.Identity.Domain.Tests\Nezam.Modular.ESS.Identity.Domain.Tests.csproj", "{769E9FBA-714C-4DCB-92B7-398348A25308}"
EndProject
Project("{2150E333-8FDC-42A3-9474-1A3956D46DE8}") = "Units", "Units", "{B61A8903-DD6E-4617-BE0E-0D0855DC9C0C}"
EndProject
Project("{FAE04EC0-301F-11D3-BF4B-00C04F79EFBC}") = "Nezam.Modular.ESS.Units.Domain", "New\modules\Units\Nezam.Modular.ESS.Units.Domain\Nezam.Modular.ESS.Units.Domain.csproj", "{6E66BAF3-EFA7-442D-A42D-A7D2D852D724}"
EndProject
Project("{FAE04EC0-301F-11D3-BF4B-00C04F79EFBC}") = "Nezam.Modular.ESS.Units.Domain.Shared", "New\modules\Units\Nezam.Modular.ESS.Units.Domain.Shared\Nezam.Modular.ESS.Units.Domain.Shared.csproj", "{CFED0853-FBA9-4542-B788-0CBFB9C91388}"
EndProject
Project("{FAE04EC0-301F-11D3-BF4B-00C04F79EFBC}") = "Nezam.Modular.ESS.Units.Application", "New\modules\Units\Nezam.Modular.ESS.Units.Application\Nezam.Modular.ESS.Units.Application.csproj", "{01D4AC8D-7250-49CE-A258-A34F720F6958}"
EndProject
Project("{FAE04EC0-301F-11D3-BF4B-00C04F79EFBC}") = "Payeh.SharedKernel", "New\Payeh.SharedKernel\Payeh.SharedKernel.csproj", "{D5C06263-60C6-4590-8E86-E704F7AB314F}"
EndProject
Project("{2150E333-8FDC-42A3-9474-1A3956D46DE8}") = "Slices", "Slices", "{E9F93C5B-3624-43F0-9FA4-77DC418BE3C7}"
EndProject
Project("{FAE04EC0-301F-11D3-BF4B-00C04F79EFBC}") = "Nezam.EES.Service.Identity", "Nezam.EES.Service.Identity\Nezam.EES.Service.Identity.csproj", "{42DA55E8-2850-45F9-8296-F3B000A4C72F}"
EndProject
Project("{FAE04EC0-301F-11D3-BF4B-00C04F79EFBC}") = "Nezam.EES.Shared", "Nezam.EES.Shared\Nezam.EES.Shared.csproj", "{F8186C8B-2356-49DD-8A9D-37E8B767B2FA}"
EndProject
Project("{FAE04EC0-301F-11D3-BF4B-00C04F79EFBC}") = "Nezam.EES.Gateway", "Nezam.EES.Gateway\Nezam.EES.Gateway.csproj", "{1F71BBCC-0BB8-4243-99CA-A4DF9B3E7BC3}"
EndProject
Project("{FAE04EC0-301F-11D3-BF4B-00C04F79EFBC}") = "Nezam.Admin", "Nezam.Modular.Admin\Nezam.Admin.csproj", "{8DD8E6C3-F4E1-4EE6-A7A5-DAD7B89634FA}"
EndProject
Global
	GlobalSection(SolutionConfigurationPlatforms) = preSolution
		Debug|Any CPU = Debug|Any CPU
		Release|Any CPU = Release|Any CPU
	EndGlobalSection
	GlobalSection(ProjectConfigurationPlatforms) = postSolution
		{EE6A1441-EEBB-4804-8053-E576C94A82CB}.Debug|Any CPU.ActiveCfg = Debug|Any CPU
		{EE6A1441-EEBB-4804-8053-E576C94A82CB}.Debug|Any CPU.Build.0 = Debug|Any CPU
		{EE6A1441-EEBB-4804-8053-E576C94A82CB}.Release|Any CPU.ActiveCfg = Release|Any CPU
		{EE6A1441-EEBB-4804-8053-E576C94A82CB}.Release|Any CPU.Build.0 = Release|Any CPU
		{A88D6694-579D-4E54-8A8C-B7A3FB2F4D63}.Debug|Any CPU.ActiveCfg = Debug|Any CPU
		{A88D6694-579D-4E54-8A8C-B7A3FB2F4D63}.Debug|Any CPU.Build.0 = Debug|Any CPU
		{A88D6694-579D-4E54-8A8C-B7A3FB2F4D63}.Release|Any CPU.ActiveCfg = Release|Any CPU
		{A88D6694-579D-4E54-8A8C-B7A3FB2F4D63}.Release|Any CPU.Build.0 = Release|Any CPU
		{DE8E3328-B212-4978-BA91-078F70949064}.Debug|Any CPU.ActiveCfg = Debug|Any CPU
		{DE8E3328-B212-4978-BA91-078F70949064}.Debug|Any CPU.Build.0 = Debug|Any CPU
		{DE8E3328-B212-4978-BA91-078F70949064}.Release|Any CPU.ActiveCfg = Release|Any CPU
		{DE8E3328-B212-4978-BA91-078F70949064}.Release|Any CPU.Build.0 = Release|Any CPU
		{B842BD6E-D85C-4BE3-8F54-298D81511D4B}.Debug|Any CPU.ActiveCfg = Debug|Any CPU
		{B842BD6E-D85C-4BE3-8F54-298D81511D4B}.Debug|Any CPU.Build.0 = Debug|Any CPU
		{B842BD6E-D85C-4BE3-8F54-298D81511D4B}.Release|Any CPU.ActiveCfg = Release|Any CPU
		{B842BD6E-D85C-4BE3-8F54-298D81511D4B}.Release|Any CPU.Build.0 = Release|Any CPU
		{CF018745-D164-42F4-90B4-598CF33B389E}.Debug|Any CPU.ActiveCfg = Debug|Any CPU
		{CF018745-D164-42F4-90B4-598CF33B389E}.Debug|Any CPU.Build.0 = Debug|Any CPU
		{CF018745-D164-42F4-90B4-598CF33B389E}.Release|Any CPU.ActiveCfg = Release|Any CPU
		{CF018745-D164-42F4-90B4-598CF33B389E}.Release|Any CPU.Build.0 = Release|Any CPU
		{6E54672F-562E-4CA4-80B8-A561EB0939DB}.Debug|Any CPU.ActiveCfg = Debug|Any CPU
		{6E54672F-562E-4CA4-80B8-A561EB0939DB}.Debug|Any CPU.Build.0 = Debug|Any CPU
		{6E54672F-562E-4CA4-80B8-A561EB0939DB}.Release|Any CPU.ActiveCfg = Release|Any CPU
		{6E54672F-562E-4CA4-80B8-A561EB0939DB}.Release|Any CPU.Build.0 = Release|Any CPU
		{B0C49B64-3808-4DF7-9823-21A230AE558E}.Debug|Any CPU.ActiveCfg = Debug|Any CPU
		{B0C49B64-3808-4DF7-9823-21A230AE558E}.Debug|Any CPU.Build.0 = Debug|Any CPU
		{B0C49B64-3808-4DF7-9823-21A230AE558E}.Release|Any CPU.ActiveCfg = Release|Any CPU
		{B0C49B64-3808-4DF7-9823-21A230AE558E}.Release|Any CPU.Build.0 = Release|Any CPU
		{72CF7D7D-B0E1-411C-8256-AD05A87A380B}.Debug|Any CPU.ActiveCfg = Debug|Any CPU
		{72CF7D7D-B0E1-411C-8256-AD05A87A380B}.Debug|Any CPU.Build.0 = Debug|Any CPU
		{72CF7D7D-B0E1-411C-8256-AD05A87A380B}.Release|Any CPU.ActiveCfg = Release|Any CPU
		{72CF7D7D-B0E1-411C-8256-AD05A87A380B}.Release|Any CPU.Build.0 = Release|Any CPU
		{20D97822-E6D6-45F2-8F55-5B51A24A4F57}.Debug|Any CPU.ActiveCfg = Debug|Any CPU
		{20D97822-E6D6-45F2-8F55-5B51A24A4F57}.Debug|Any CPU.Build.0 = Debug|Any CPU
		{20D97822-E6D6-45F2-8F55-5B51A24A4F57}.Release|Any CPU.ActiveCfg = Release|Any CPU
		{20D97822-E6D6-45F2-8F55-5B51A24A4F57}.Release|Any CPU.Build.0 = Release|Any CPU
		{5F8B3E4C-7A26-4172-B90C-A994E2DD1652}.Debug|Any CPU.ActiveCfg = Debug|Any CPU
		{5F8B3E4C-7A26-4172-B90C-A994E2DD1652}.Debug|Any CPU.Build.0 = Debug|Any CPU
		{5F8B3E4C-7A26-4172-B90C-A994E2DD1652}.Release|Any CPU.ActiveCfg = Release|Any CPU
		{5F8B3E4C-7A26-4172-B90C-A994E2DD1652}.Release|Any CPU.Build.0 = Release|Any CPU
		{769E9FBA-714C-4DCB-92B7-398348A25308}.Debug|Any CPU.ActiveCfg = Debug|Any CPU
		{769E9FBA-714C-4DCB-92B7-398348A25308}.Debug|Any CPU.Build.0 = Debug|Any CPU
		{769E9FBA-714C-4DCB-92B7-398348A25308}.Release|Any CPU.ActiveCfg = Release|Any CPU
		{769E9FBA-714C-4DCB-92B7-398348A25308}.Release|Any CPU.Build.0 = Release|Any CPU
		{6E66BAF3-EFA7-442D-A42D-A7D2D852D724}.Debug|Any CPU.ActiveCfg = Debug|Any CPU
		{6E66BAF3-EFA7-442D-A42D-A7D2D852D724}.Debug|Any CPU.Build.0 = Debug|Any CPU
		{6E66BAF3-EFA7-442D-A42D-A7D2D852D724}.Release|Any CPU.ActiveCfg = Release|Any CPU
		{6E66BAF3-EFA7-442D-A42D-A7D2D852D724}.Release|Any CPU.Build.0 = Release|Any CPU
		{CFED0853-FBA9-4542-B788-0CBFB9C91388}.Debug|Any CPU.ActiveCfg = Debug|Any CPU
		{CFED0853-FBA9-4542-B788-0CBFB9C91388}.Debug|Any CPU.Build.0 = Debug|Any CPU
		{CFED0853-FBA9-4542-B788-0CBFB9C91388}.Release|Any CPU.ActiveCfg = Release|Any CPU
		{CFED0853-FBA9-4542-B788-0CBFB9C91388}.Release|Any CPU.Build.0 = Release|Any CPU
		{01D4AC8D-7250-49CE-A258-A34F720F6958}.Debug|Any CPU.ActiveCfg = Debug|Any CPU
		{01D4AC8D-7250-49CE-A258-A34F720F6958}.Debug|Any CPU.Build.0 = Debug|Any CPU
		{01D4AC8D-7250-49CE-A258-A34F720F6958}.Release|Any CPU.ActiveCfg = Release|Any CPU
		{01D4AC8D-7250-49CE-A258-A34F720F6958}.Release|Any CPU.Build.0 = Release|Any CPU
		{D0FB9649-37A5-4480-BAF1-BFB4F6278081}.Debug|Any CPU.ActiveCfg = Debug|Any CPU
		{D0FB9649-37A5-4480-BAF1-BFB4F6278081}.Debug|Any CPU.Build.0 = Debug|Any CPU
		{D0FB9649-37A5-4480-BAF1-BFB4F6278081}.Release|Any CPU.ActiveCfg = Release|Any CPU
		{D0FB9649-37A5-4480-BAF1-BFB4F6278081}.Release|Any CPU.Build.0 = Release|Any CPU
		{3B9E6B59-7F60-40E9-AEC2-127C7BF0C78A}.Debug|Any CPU.ActiveCfg = Debug|Any CPU
		{3B9E6B59-7F60-40E9-AEC2-127C7BF0C78A}.Debug|Any CPU.Build.0 = Debug|Any CPU
		{3B9E6B59-7F60-40E9-AEC2-127C7BF0C78A}.Release|Any CPU.ActiveCfg = Release|Any CPU
		{3B9E6B59-7F60-40E9-AEC2-127C7BF0C78A}.Release|Any CPU.Build.0 = Release|Any CPU
		{D5C06263-60C6-4590-8E86-E704F7AB314F}.Debug|Any CPU.ActiveCfg = Debug|Any CPU
		{D5C06263-60C6-4590-8E86-E704F7AB314F}.Debug|Any CPU.Build.0 = Debug|Any CPU
		{D5C06263-60C6-4590-8E86-E704F7AB314F}.Release|Any CPU.ActiveCfg = Release|Any CPU
		{D5C06263-60C6-4590-8E86-E704F7AB314F}.Release|Any CPU.Build.0 = Release|Any CPU
		{42DA55E8-2850-45F9-8296-F3B000A4C72F}.Debug|Any CPU.ActiveCfg = Debug|Any CPU
		{42DA55E8-2850-45F9-8296-F3B000A4C72F}.Debug|Any CPU.Build.0 = Debug|Any CPU
		{42DA55E8-2850-45F9-8296-F3B000A4C72F}.Release|Any CPU.ActiveCfg = Release|Any CPU
		{42DA55E8-2850-45F9-8296-F3B000A4C72F}.Release|Any CPU.Build.0 = Release|Any CPU
		{F8186C8B-2356-49DD-8A9D-37E8B767B2FA}.Debug|Any CPU.ActiveCfg = Debug|Any CPU
		{F8186C8B-2356-49DD-8A9D-37E8B767B2FA}.Debug|Any CPU.Build.0 = Debug|Any CPU
		{F8186C8B-2356-49DD-8A9D-37E8B767B2FA}.Release|Any CPU.ActiveCfg = Release|Any CPU
		{F8186C8B-2356-49DD-8A9D-37E8B767B2FA}.Release|Any CPU.Build.0 = Release|Any CPU
		{1F71BBCC-0BB8-4243-99CA-A4DF9B3E7BC3}.Debug|Any CPU.ActiveCfg = Debug|Any CPU
		{1F71BBCC-0BB8-4243-99CA-A4DF9B3E7BC3}.Debug|Any CPU.Build.0 = Debug|Any CPU
		{1F71BBCC-0BB8-4243-99CA-A4DF9B3E7BC3}.Release|Any CPU.ActiveCfg = Release|Any CPU
		{1F71BBCC-0BB8-4243-99CA-A4DF9B3E7BC3}.Release|Any CPU.Build.0 = Release|Any CPU
		{8DD8E6C3-F4E1-4EE6-A7A5-DAD7B89634FA}.Debug|Any CPU.ActiveCfg = Debug|Any CPU
		{8DD8E6C3-F4E1-4EE6-A7A5-DAD7B89634FA}.Debug|Any CPU.Build.0 = Debug|Any CPU
		{8DD8E6C3-F4E1-4EE6-A7A5-DAD7B89634FA}.Release|Any CPU.ActiveCfg = Release|Any CPU
		{8DD8E6C3-F4E1-4EE6-A7A5-DAD7B89634FA}.Release|Any CPU.Build.0 = Release|Any CPU
	EndGlobalSection
	GlobalSection(NestedProjects) = preSolution
		{170678A2-3A34-42A1-B26C-E08780F3B1E7} = {3FEE4764-F801-4A28-966B-0E625B0008E2}
		{B842BD6E-D85C-4BE3-8F54-298D81511D4B} = {170678A2-3A34-42A1-B26C-E08780F3B1E7}
		{A88D6694-579D-4E54-8A8C-B7A3FB2F4D63} = {170678A2-3A34-42A1-B26C-E08780F3B1E7}
		{9D76E5D1-A436-419A-9E93-A8A86172FD78} = {3FEE4764-F801-4A28-966B-0E625B0008E2}
		{6E54672F-562E-4CA4-80B8-A561EB0939DB} = {9D76E5D1-A436-419A-9E93-A8A86172FD78}
		{B0C49B64-3808-4DF7-9823-21A230AE558E} = {9D76E5D1-A436-419A-9E93-A8A86172FD78}
		{72CF7D7D-B0E1-411C-8256-AD05A87A380B} = {9D76E5D1-A436-419A-9E93-A8A86172FD78}
		{20D97822-E6D6-45F2-8F55-5B51A24A4F57} = {170678A2-3A34-42A1-B26C-E08780F3B1E7}
		{5F8B3E4C-7A26-4172-B90C-A994E2DD1652} = {9D76E5D1-A436-419A-9E93-A8A86172FD78}
		{769E9FBA-714C-4DCB-92B7-398348A25308} = {170678A2-3A34-42A1-B26C-E08780F3B1E7}
		{B61A8903-DD6E-4617-BE0E-0D0855DC9C0C} = {3FEE4764-F801-4A28-966B-0E625B0008E2}
		{6E66BAF3-EFA7-442D-A42D-A7D2D852D724} = {B61A8903-DD6E-4617-BE0E-0D0855DC9C0C}
		{CFED0853-FBA9-4542-B788-0CBFB9C91388} = {B61A8903-DD6E-4617-BE0E-0D0855DC9C0C}
		{01D4AC8D-7250-49CE-A258-A34F720F6958} = {B61A8903-DD6E-4617-BE0E-0D0855DC9C0C}
		{42DA55E8-2850-45F9-8296-F3B000A4C72F} = {E9F93C5B-3624-43F0-9FA4-77DC418BE3C7}
		{F8186C8B-2356-49DD-8A9D-37E8B767B2FA} = {E9F93C5B-3624-43F0-9FA4-77DC418BE3C7}
		{1F71BBCC-0BB8-4243-99CA-A4DF9B3E7BC3} = {E9F93C5B-3624-43F0-9FA4-77DC418BE3C7}
	EndGlobalSection
EndGlobal
