
Microsoft Visual Studio Solution File, Format Version 12.00
Project("{FAE04EC0-301F-11D3-BF4B-00C04F79EFBC}") = "Payeh.SharedKernel", "New\Payeh.SharedKernel\Payeh.SharedKernel.csproj", "{D5C06263-60C6-4590-8E86-E704F7AB314F}"
EndProject
Project("{2150E333-8FDC-42A3-9474-1A3956D46DE8}") = "Slices", "Slices", "{E9F93C5B-3624-43F0-9FA4-77DC418BE3C7}"
EndProject
Project("{FAE04EC0-301F-11D3-BF4B-00C04F79EFBC}") = "Nezam.EES.Slice.Identity", "Nezam.EES.Slice.Identity\Nezam.EES.Slice.Identity.csproj", "{42DA55E8-2850-45F9-8296-F3B000A4C72F}"
EndProject
Project("{FAE04EC0-301F-11D3-BF4B-00C04F79EFBC}") = "Nezam.EES.Shared", "Nezam.EES.Shared\Nezam.EES.Shared.csproj", "{F8186C8B-2356-49DD-8A9D-37E8B767B2FA}"
EndProject
Project("{FAE04EC0-301F-11D3-BF4B-00C04F79EFBC}") = "Nezam.EES", "Nezam.EES\Nezam.EES.csproj", "{1F71BBCC-0BB8-4243-99CA-A4DF9B3E7BC3}"
EndProject
Project("{FAE04EC0-301F-11D3-BF4B-00C04F79EFBC}") = "Nezam.EES.Slice.Secretariat", "Nezam.EES.Slice.Secretariat\Nezam.EES.Slice.Secretariat.csproj", "{282B281E-DED4-413E-AE19-F984AD7ED161}"
EndProject
Global
	GlobalSection(SolutionConfigurationPlatforms) = preSolution
		Debug|Any CPU = Debug|Any CPU
		Release|Any CPU = Release|Any CPU
	EndGlobalSection
	GlobalSection(ProjectConfigurationPlatforms) = postSolution
		{D0FB9649-37A5-4480-BAF1-BFB4F6278081}.Debug|Any CPU.ActiveCfg = Debug|Any CPU
		{D0FB9649-37A5-4480-BAF1-BFB4F6278081}.Debug|Any CPU.Build.0 = Debug|Any CPU
		{D0FB9649-37A5-4480-BAF1-BFB4F6278081}.Release|Any CPU.ActiveCfg = Release|Any CPU
		{D0FB9649-37A5-4480-BAF1-BFB4F6278081}.Release|Any CPU.Build.0 = Release|Any CPU
		{3B9E6B59-7F60-40E9-AEC2-127C7BF0C78A}.Debug|Any CPU.ActiveCfg = Debug|Any CPU
		{3B9E6B59-7F60-40E9-AEC2-127C7BF0C78A}.Debug|Any CPU.Build.0 = Debug|Any CPU
		{3B9E6B59-7F60-40E9-AEC2-127C7BF0C78A}.Release|Any CPU.ActiveCfg = Release|Any CPU
		{3B9E6B59-7F60-40E9-AEC2-127C7BF0C78A}.Release|Any CPU.Build.0 = Release|Any CPU
		{D5C06263-60C6-4590-8E86-E704F7AB314F}.Debug|Any CPU.ActiveCfg = Debug|Any CPU
		{D5C06263-60C6-4590-8E86-E704F7AB314F}.Debug|Any CPU.Build.0 = Debug|Any CPU
		{D5C06263-60C6-4590-8E86-E704F7AB314F}.Release|Any CPU.ActiveCfg = Release|Any CPU
		{D5C06263-60C6-4590-8E86-E704F7AB314F}.Release|Any CPU.Build.0 = Release|Any CPU
		{42DA55E8-2850-45F9-8296-F3B000A4C72F}.Debug|Any CPU.ActiveCfg = Debug|Any CPU
		{42DA55E8-2850-45F9-8296-F3B000A4C72F}.Debug|Any CPU.Build.0 = Debug|Any CPU
		{42DA55E8-2850-45F9-8296-F3B000A4C72F}.Release|Any CPU.ActiveCfg = Release|Any CPU
		{42DA55E8-2850-45F9-8296-F3B000A4C72F}.Release|Any CPU.Build.0 = Release|Any CPU
		{F8186C8B-2356-49DD-8A9D-37E8B767B2FA}.Debug|Any CPU.ActiveCfg = Debug|Any CPU
		{F8186C8B-2356-49DD-8A9D-37E8B767B2FA}.Debug|Any CPU.Build.0 = Debug|Any CPU
		{F8186C8B-2356-49DD-8A9D-37E8B767B2FA}.Release|Any CPU.ActiveCfg = Release|Any CPU
		{F8186C8B-2356-49DD-8A9D-37E8B767B2FA}.Release|Any CPU.Build.0 = Release|Any CPU
		{1F71BBCC-0BB8-4243-99CA-A4DF9B3E7BC3}.Debug|Any CPU.ActiveCfg = Debug|Any CPU
		{1F71BBCC-0BB8-4243-99CA-A4DF9B3E7BC3}.Debug|Any CPU.Build.0 = Debug|Any CPU
		{1F71BBCC-0BB8-4243-99CA-A4DF9B3E7BC3}.Release|Any CPU.ActiveCfg = Release|Any CPU
		{1F71BBCC-0BB8-4243-99CA-A4DF9B3E7BC3}.Release|Any CPU.Build.0 = Release|Any CPU
		{282B281E-DED4-413E-AE19-F984AD7ED161}.Debug|Any CPU.ActiveCfg = Debug|Any CPU
		{282B281E-DED4-413E-AE19-F984AD7ED161}.Debug|Any CPU.Build.0 = Debug|Any CPU
		{282B281E-DED4-413E-AE19-F984AD7ED161}.Release|Any CPU.ActiveCfg = Release|Any CPU
		{282B281E-DED4-413E-AE19-F984AD7ED161}.Release|Any CPU.Build.0 = Release|Any CPU
	EndGlobalSection
	GlobalSection(NestedProjects) = preSolution
		{42DA55E8-2850-45F9-8296-F3B000A4C72F} = {E9F93C5B-3624-43F0-9FA4-77DC418BE3C7}
		{282B281E-DED4-413E-AE19-F984AD7ED161} = {E9F93C5B-3624-43F0-9FA4-77DC418BE3C7}
	EndGlobalSection
EndGlobal
